// !$*UTF8*$!
{
	archiveVersion = 1;
	classes = {
	};
	objectVersion = 77;
	objects = {

/* Begin PBXContainerItemProxy section */
		F7B2978A2DBA0D8500929EF1 /* PBXContainerItemProxy */ = {
			isa = PBXContainerItemProxy;
			containerPortal = F7B297732DBA0D8200929EF1 /* Project object */;
			proxyType = 1;
			remoteGlobalIDString = F7B2977A2DBA0D8300929EF1;
			remoteInfo = ADBConnector;
		};
		F7B297942DBA0D8500929EF1 /* PBXContainerItemProxy */ = {
			isa = PBXContainerItemProxy;
			containerPortal = F7B297732DBA0D8200929EF1 /* Project object */;
			proxyType = 1;
			remoteGlobalIDString = F7B2977A2DBA0D8300929EF1;
			remoteInfo = ADBConnector;
		};
/* End PBXContainerItemProxy section */

/* Begin PBXFileReference section */
		F7B2977B2DBA0D8300929EF1 /* ADBConnector.app */ = {isa = PBXFileReference; explicitFileType = wrapper.application; includeInIndex = 0; path = ADBConnector.app; sourceTree = BUILT_PRODUCTS_DIR; };
		F7B297892DBA0D8500929EF1 /* ADBConnectorTests.xctest */ = {isa = PBXFileReference; explicitFileType = wrapper.cfbundle; includeInIndex = 0; path = ADBConnectorTests.xctest; sourceTree = BUILT_PRODUCTS_DIR; };
		F7B297932DBA0D8500929EF1 /* ADBConnectorUITests.xctest */ = {isa = PBXFileReference; explicitFileType = wrapper.cfbundle; includeInIndex = 0; path = ADBConnectorUITests.xctest; sourceTree = BUILT_PRODUCTS_DIR; };
/* End PBXFileReference section */

/* Begin PBXFileSystemSynchronizedRootGroup section */
		F7B2977D2DBA0D8300929EF1 /* ADBConnector */ = {
			isa = PBXFileSystemSynchronizedRootGroup;
			path = ADBConnector;
			sourceTree = "<group>";
		};
		F7B2978C2DBA0D8500929EF1 /* ADBConnectorTests */ = {
			isa = PBXFileSystemSynchronizedRootGroup;
			path = ADBConnectorTests;
			sourceTree = "<group>";
		};
		F7B297962DBA0D8500929EF1 /* ADBConnectorUITests */ = {
			isa = PBXFileSystemSynchronizedRootGroup;
			path = ADBConnectorUITests;
			sourceTree = "<group>";
		};
/* End PBXFileSystemSynchronizedRootGroup section */

/* Begin PBXFrameworksBuildPhase section */
		F7B297782DBA0D8300929EF1 /* Frameworks */ = {
			isa = PBXFrameworksBuildPhase;
			buildActionMask = 2147483647;
			files = (
			);
			runOnlyForDeploymentPostprocessing = 0;
		};
		F7B297862DBA0D8500929EF1 /* Frameworks */ = {
			isa = PBXFrameworksBuildPhase;
			buildActionMask = 2147483647;
			files = (
			);
			runOnlyForDeploymentPostprocessing = 0;
		};
		F7B297902DBA0D8500929EF1 /* Frameworks */ = {
			isa = PBXFrameworksBuildPhase;
			buildActionMask = 2147483647;
			files = (
			);
			runOnlyForDeploymentPostprocessing = 0;
		};
/* End PBXFrameworksBuildPhase section */

/* Begin PBXGroup section */
		F7B297722DBA0D8200929EF1 = {
			isa = PBXGroup;
			children = (
				F7B2977D2DBA0D8300929EF1 /* ADBConnector */,
				F7B2978C2DBA0D8500929EF1 /* ADBConnectorTests */,
				F7B297962DBA0D8500929EF1 /* ADBConnectorUITests */,
				F7B2977C2DBA0D8300929EF1 /* Products */,
			);
			sourceTree = "<group>";
		};
		F7B2977C2DBA0D8300929EF1 /* Products */ = {
			isa = PBXGroup;
			children = (
				F7B2977B2DBA0D8300929EF1 /* ADBConnector.app */,
				F7B297892DBA0D8500929EF1 /* ADBConnectorTests.xctest */,
				F7B297932DBA0D8500929EF1 /* ADBConnectorUITests.xctest */,
			);
			name = Products;
			sourceTree = "<group>";
		};
/* End PBXGroup section */

/* Begin PBXNativeTarget section */
		F7B2977A2DBA0D8300929EF1 /* ADBConnector */ = {
			isa = PBXNativeTarget;
			buildConfigurationList = F7B2979D2DBA0D8500929EF1 /* Build configuration list for PBXNativeTarget "ADBConnector" */;
			buildPhases = (
				F7B297772DBA0D8300929EF1 /* Sources */,
				F7B297782DBA0D8300929EF1 /* Frameworks */,
				F7B297792DBA0D8300929EF1 /* Resources */,
			);
			buildRules = (
			);
			dependencies = (
			);
			fileSystemSynchronizedGroups = (
				F7B2977D2DBA0D8300929EF1 /* ADBConnector */,
			);
			name = ADBConnector;
			packageProductDependencies = (
			);
			productName = ADBConnector;
			productReference = F7B2977B2DBA0D8300929EF1 /* ADBConnector.app */;
			productType = "com.apple.product-type.application";
		};
		F7B297882DBA0D8500929EF1 /* ADBConnectorTests */ = {
			isa = PBXNativeTarget;
			buildConfigurationList = F7B297A02DBA0D8500929EF1 /* Build configuration list for PBXNativeTarget "ADBConnectorTests" */;
			buildPhases = (
				F7B297852DBA0D8500929EF1 /* Sources */,
				F7B297862DBA0D8500929EF1 /* Frameworks */,
				F7B297872DBA0D8500929EF1 /* Resources */,
			);
			buildRules = (
			);
			dependencies = (
				F7B2978B2DBA0D8500929EF1 /* PBXTargetDependency */,
			);
			fileSystemSynchronizedGroups = (
				F7B2978C2DBA0D8500929EF1 /* ADBConnectorTests */,
			);
			name = ADBConnectorTests;
			packageProductDependencies = (
			);
			productName = ADBConnectorTests;
			productReference = F7B297892DBA0D8500929EF1 /* ADBConnectorTests.xctest */;
			productType = "com.apple.product-type.bundle.unit-test";
		};
		F7B297922DBA0D8500929EF1 /* ADBConnectorUITests */ = {
			isa = PBXNativeTarget;
			buildConfigurationList = F7B297A32DBA0D8500929EF1 /* Build configuration list for PBXNativeTarget "ADBConnectorUITests" */;
			buildPhases = (
				F7B2978F2DBA0D8500929EF1 /* Sources */,
				F7B297902DBA0D8500929EF1 /* Frameworks */,
				F7B297912DBA0D8500929EF1 /* Resources */,
			);
			buildRules = (
			);
			dependencies = (
				F7B297952DBA0D8500929EF1 /* PBXTargetDependency */,
			);
			fileSystemSynchronizedGroups = (
				F7B297962DBA0D8500929EF1 /* ADBConnectorUITests */,
			);
			name = ADBConnectorUITests;
			packageProductDependencies = (
			);
			productName = ADBConnectorUITests;
			productReference = F7B297932DBA0D8500929EF1 /* ADBConnectorUITests.xctest */;
			productType = "com.apple.product-type.bundle.ui-testing";
		};
/* End PBXNativeTarget section */

/* Begin PBXProject section */
		F7B297732DBA0D8200929EF1 /* Project object */ = {
			isa = PBXProject;
			attributes = {
				BuildIndependentTargetsInParallel = 1;
				LastSwiftUpdateCheck = 1630;
				LastUpgradeCheck = 1630;
				TargetAttributes = {
					F7B2977A2DBA0D8300929EF1 = {
						CreatedOnToolsVersion = 16.3;
					};
					F7B297882DBA0D8500929EF1 = {
						CreatedOnToolsVersion = 16.3;
						TestTargetID = F7B2977A2DBA0D8300929EF1;
					};
					F7B297922DBA0D8500929EF1 = {
						CreatedOnToolsVersion = 16.3;
						TestTargetID = F7B2977A2DBA0D8300929EF1;
					};
				};
			};
			buildConfigurationList = F7B297762DBA0D8200929EF1 /* Build configuration list for PBXProject "ADBConnector" */;
			developmentRegion = en;
			hasScannedForEncodings = 0;
			knownRegions = (
				en,
				Base,
			);
			mainGroup = F7B297722DBA0D8200929EF1;
			minimizedProjectReferenceProxies = 1;
			preferredProjectObjectVersion = 77;
			productRefGroup = F7B2977C2DBA0D8300929EF1 /* Products */;
			projectDirPath = "";
			projectRoot = "";
			targets = (
				F7B2977A2DBA0D8300929EF1 /* ADBConnector */,
				F7B297882DBA0D8500929EF1 /* ADBConnectorTests */,
				F7B297922DBA0D8500929EF1 /* ADBConnectorUITests */,
			);
		};
/* End PBXProject section */

/* Begin PBXResourcesBuildPhase section */
		F7B297792DBA0D8300929EF1 /* Resources */ = {
			isa = PBXResourcesBuildPhase;
			buildActionMask = 2147483647;
			files = (
			);
			runOnlyForDeploymentPostprocessing = 0;
		};
		F7B297872DBA0D8500929EF1 /* Resources */ = {
			isa = PBXResourcesBuildPhase;
			buildActionMask = 2147483647;
			files = (
			);
			runOnlyForDeploymentPostprocessing = 0;
		};
		F7B297912DBA0D8500929EF1 /* Resources */ = {
			isa = PBXResourcesBuildPhase;
			buildActionMask = 2147483647;
			files = (
			);
			runOnlyForDeploymentPostprocessing = 0;
		};
/* End PBXResourcesBuildPhase section */

/* Begin PBXSourcesBuildPhase section */
		F7B297772DBA0D8300929EF1 /* Sources */ = {
			isa = PBXSourcesBuildPhase;
			buildActionMask = 2147483647;
			files = (
			);
			runOnlyForDeploymentPostprocessing = 0;
		};
		F7B297852DBA0D8500929EF1 /* Sources */ = {
			isa = PBXSourcesBuildPhase;
			buildActionMask = 2147483647;
			files = (
			);
			runOnlyForDeploymentPostprocessing = 0;
		};
		F7B2978F2DBA0D8500929EF1 /* Sources */ = {
			isa = PBXSourcesBuildPhase;
			buildActionMask = 2147483647;
			files = (
			);
			runOnlyForDeploymentPostprocessing = 0;
		};
/* End PBXSourcesBuildPhase section */

/* Begin PBXTargetDependency section */
		F7B2978B2DBA0D8500929EF1 /* PBXTargetDependency */ = {
			isa = PBXTargetDependency;
			target = F7B2977A2DBA0D8300929EF1 /* ADBConnector */;
			targetProxy = F7B2978A2DBA0D8500929EF1 /* PBXContainerItemProxy */;
		};
		F7B297952DBA0D8500929EF1 /* PBXTargetDependency */ = {
			isa = PBXTargetDependency;
			target = F7B2977A2DBA0D8300929EF1 /* ADBConnector */;
			targetProxy = F7B297942DBA0D8500929EF1 /* PBXContainerItemProxy */;
		};
/* End PBXTargetDependency section */

/* Begin XCBuildConfiguration section */
		F7B2979B2DBA0D8500929EF1 /* Debug */ = {
			isa = XCBuildConfiguration;
			buildSettings = {
				ALWAYS_SEARCH_USER_PATHS = NO;
				ASSETCATALOG_COMPILER_GENERATE_SWIFT_ASSET_SYMBOL_EXTENSIONS = YES;
				CLANG_ANALYZER_NONNULL = YES;
				CLANG_ANALYZER_NUMBER_OBJECT_CONVERSION = YES_AGGRESSIVE;
				CLANG_CXX_LANGUAGE_STANDARD = "gnu++20";
				CLANG_ENABLE_MODULES = YES;
				CLANG_ENABLE_OBJC_ARC = YES;
				CLANG_ENABLE_OBJC_WEAK = YES;
				CLANG_WARN_BLOCK_CAPTURE_AUTORELEASING = YES;
				CLANG_WARN_BOOL_CONVERSION = YES;
				CLANG_WARN_COMMA = YES;
				CLANG_WARN_CONSTANT_CONVERSION = YES;
				CLANG_WARN_DEPRECATED_OBJC_IMPLEMENTATIONS = YES;
				CLANG_WARN_DIRECT_OBJC_ISA_USAGE = YES_ERROR;
				CLANG_WARN_DOCUMENTATION_COMMENTS = YES;
				CLANG_WARN_EMPTY_BODY = YES;
				CLANG_WARN_ENUM_CONVERSION = YES;
				CLANG_WARN_INFINITE_RECURSION = YES;
				CLANG_WARN_INT_CONVERSION = YES;
				CLANG_WARN_NON_LITERAL_NULL_CONVERSION = YES;
				CLANG_WARN_OBJC_IMPLICIT_RETAIN_SELF = YES;
				CLANG_WARN_OBJC_LITERAL_CONVERSION = YES;
				CLANG_WARN_OBJC_ROOT_CLASS = YES_ERROR;
				CLANG_WARN_QUOTED_INCLUDE_IN_FRAMEWORK_HEADER = YES;
				CLANG_WARN_RANGE_LOOP_ANALYSIS = YES;
				CLANG_WARN_STRICT_PROTOTYPES = YES;
				CLANG_WARN_SUSPICIOUS_MOVE = YES;
				CLANG_WARN_UNGUARDED_AVAILABILITY = YES_AGGRESSIVE;
				CLANG_WARN_UNREACHABLE_CODE = YES;
				CLANG_WARN__DUPLICATE_METHOD_MATCH = YES;
				COPY_PHASE_STRIP = NO;
				DEBUG_INFORMATION_FORMAT = dwarf;
				DEVELOPMENT_TEAM = ANNSK5759F;
				ENABLE_STRICT_OBJC_MSGSEND = YES;
				ENABLE_TESTABILITY = YES;
				ENABLE_USER_SCRIPT_SANDBOXING = YES;
				GCC_C_LANGUAGE_STANDARD = gnu17;
				GCC_DYNAMIC_NO_PIC = NO;
				GCC_NO_COMMON_BLOCKS = YES;
				GCC_OPTIMIZATION_LEVEL = 0;
				GCC_PREPROCESSOR_DEFINITIONS = (
					"DEBUG=1",
					"$(inherited)",
				);
				GCC_WARN_64_TO_32_BIT_CONVERSION = YES;
				GCC_WARN_ABOUT_RETURN_TYPE = YES_ERROR;
				GCC_WARN_UNDECLARED_SELECTOR = YES;
				GCC_WARN_UNINITIALIZED_AUTOS = YES_AGGRESSIVE;
				GCC_WARN_UNUSED_FUNCTION = YES;
				GCC_WARN_UNUSED_VARIABLE = YES;
				LOCALIZATION_PREFERS_STRING_CATALOGS = YES;
				MACOSX_DEPLOYMENT_TARGET = 15.4;
				MTL_ENABLE_DEBUG_INFO = INCLUDE_SOURCE;
				MTL_FAST_MATH = YES;
				ONLY_ACTIVE_ARCH = YES;
				SDKROOT = macosx;
				SWIFT_ACTIVE_COMPILATION_CONDITIONS = "DEBUG $(inherited)";
				SWIFT_OPTIMIZATION_LEVEL = "-Onone";
			};
			name = Debug;
		};
		F7B2979C2DBA0D8500929EF1 /* Release */ = {
			isa = XCBuildConfiguration;
			buildSettings = {
				ALWAYS_SEARCH_USER_PATHS = NO;
				ASSETCATALOG_COMPILER_GENERATE_SWIFT_ASSET_SYMBOL_EXTENSIONS = YES;
				CLANG_ANALYZER_NONNULL = YES;
				CLANG_ANALYZER_NUMBER_OBJECT_CONVERSION = YES_AGGRESSIVE;
				CLANG_CXX_LANGUAGE_STANDARD = "gnu++20";
				CLANG_ENABLE_MODULES = YES;
				CLANG_ENABLE_OBJC_ARC = YES;
				CLANG_ENABLE_OBJC_WEAK = YES;
				CLANG_WARN_BLOCK_CAPTURE_AUTORELEASING = YES;
				CLANG_WARN_BOOL_CONVERSION = YES;
				CLANG_WARN_COMMA = YES;
				CLANG_WARN_CONSTANT_CONVERSION = YES;
				CLANG_WARN_DEPRECATED_OBJC_IMPLEMENTATIONS = YES;
				CLANG_WARN_DIRECT_OBJC_ISA_USAGE = YES_ERROR;
				CLANG_WARN_DOCUMENTATION_COMMENTS = YES;
				CLANG_WARN_EMPTY_BODY = YES;
				CLANG_WARN_ENUM_CONVERSION = YES;
				CLANG_WARN_INFINITE_RECURSION = YES;
				CLANG_WARN_INT_CONVERSION = YES;
				CLANG_WARN_NON_LITERAL_NULL_CONVERSION = YES;
				CLANG_WARN_OBJC_IMPLICIT_RETAIN_SELF = YES;
				CLANG_WARN_OBJC_LITERAL_CONVERSION = YES;
				CLANG_WARN_OBJC_ROOT_CLASS = YES_ERROR;
				CLANG_WARN_QUOTED_INCLUDE_IN_FRAMEWORK_HEADER = YES;
				CLANG_WARN_RANGE_LOOP_ANALYSIS = YES;
				CLANG_WARN_STRICT_PROTOTYPES = YES;
				CLANG_WARN_SUSPICIOUS_MOVE = YES;
				CLANG_WARN_UNGUARDED_AVAILABILITY = YES_AGGRESSIVE;
				CLANG_WARN_UNREACHABLE_CODE = YES;
				CLANG_WARN__DUPLICATE_METHOD_MATCH = YES;
				COPY_PHASE_STRIP = NO;
				DEBUG_INFORMATION_FORMAT = "dwarf-with-dsym";
				DEVELOPMENT_TEAM = ANNSK5759F;
				ENABLE_NS_ASSERTIONS = NO;
				ENABLE_STRICT_OBJC_MSGSEND = YES;
				ENABLE_USER_SCRIPT_SANDBOXING = YES;
				GCC_C_LANGUAGE_STANDARD = gnu17;
				GCC_NO_COMMON_BLOCKS = YES;
				GCC_WARN_64_TO_32_BIT_CONVERSION = YES;
				GCC_WARN_ABOUT_RETURN_TYPE = YES_ERROR;
				GCC_WARN_UNDECLARED_SELECTOR = YES;
				GCC_WARN_UNINITIALIZED_AUTOS = YES_AGGRESSIVE;
				GCC_WARN_UNUSED_FUNCTION = YES;
				GCC_WARN_UNUSED_VARIABLE = YES;
				LOCALIZATION_PREFERS_STRING_CATALOGS = YES;
				MACOSX_DEPLOYMENT_TARGET = 15.4;
				MTL_ENABLE_DEBUG_INFO = NO;
				MTL_FAST_MATH = YES;
				SDKROOT = macosx;
				SWIFT_COMPILATION_MODE = wholemodule;
			};
			name = Release;
		};
		F7B2979E2DBA0D8500929EF1 /* Debug */ = {
			isa = XCBuildConfiguration;
			buildSettings = {
				ASSETCATALOG_COMPILER_APPICON_NAME = AppIcon;
				"ASSETCATALOG_COMPILER_APPICON_NAME[sdk=macosx*]" = AppIcon;
				ASSETCATALOG_COMPILER_GLOBAL_ACCENT_COLOR_NAME = AccentColor;
				ASSETCATALOG_COMPILER_INCLUDE_ALL_APPICON_ASSETS = YES;
				CODE_SIGN_ENTITLEMENTS = ADBConnector/ADBConnector.entitlements;
				CODE_SIGN_STYLE = Automatic;
				COMBINE_HIDPI_IMAGES = YES;
				CURRENT_PROJECT_VERSION = 1;
				DEVELOPMENT_TEAM = ANNSK5759F;
				ENABLE_HARDENED_RUNTIME = YES;
				ENABLE_PREVIEWS = YES;
				GENERATE_INFOPLIST_FILE = YES;
				INFOPLIST_KEY_CFBundleDisplayName = "ADB Connector";
				INFOPLIST_KEY_NSHumanReadableCopyright = "";
				LD_RUNPATH_SEARCH_PATHS = (
					"$(inherited)",
					"@executable_path/../Frameworks",
				);
				MACOSX_DEPLOYMENT_TARGET = 14.6;
				MARKETING_VERSION = 1.0;
				PRODUCT_BUNDLE_IDENTIFIER = com.tworoot2.ADBConnector;
				PRODUCT_NAME = "$(TARGET_NAME)";
				REGISTER_APP_GROUPS = YES;
				SWIFT_EMIT_LOC_STRINGS = YES;
				SWIFT_VERSION = 5.0;
			};
			name = Debug;
		};
		F7B2979F2DBA0D8500929EF1 /* Release */ = {
			isa = XCBuildConfiguration;
			buildSettings = {
				ASSETCATALOG_COMPILER_APPICON_NAME = AppIcon;
				"ASSETCATALOG_COMPILER_APPICON_NAME[sdk=macosx*]" = AppIcon;
				ASSETCATALOG_COMPILER_GLOBAL_ACCENT_COLOR_NAME = AccentColor;
				ASSETCATALOG_COMPILER_INCLUDE_ALL_APPICON_ASSETS = YES;
				CODE_SIGN_ENTITLEMENTS = ADBConnector/ADBConnector.entitlements;
				CODE_SIGN_STYLE = Automatic;
				COMBINE_HIDPI_IMAGES = YES;
				CURRENT_PROJECT_VERSION = 1;
				DEVELOPMENT_TEAM = ANNSK5759F;
				ENABLE_HARDENED_RUNTIME = YES;
				ENABLE_PREVIEWS = YES;
				GENERATE_INFOPLIST_FILE = YES;
				INFOPLIST_KEY_CFBundleDisplayName = "ADB Connector";
				INFOPLIST_KEY_NSHumanReadableCopyright = "";
				LD_RUNPATH_SEARCH_PATHS = (
					"$(inherited)",
					"@executable_path/../Frameworks",
				);
				MACOSX_DEPLOYMENT_TARGET = 14.6;
				MARKETING_VERSION = 1.0;
				PRODUCT_BUNDLE_IDENTIFIER = com.tworoot2.ADBConnector;
				PRODUCT_NAME = "$(TARGET_NAME)";
				REGISTER_APP_GROUPS = YES;
				SWIFT_EMIT_LOC_STRINGS = YES;
				SWIFT_VERSION = 5.0;
			};
			name = Release;
		};
		F7B297A12DBA0D8500929EF1 /* Debug */ = {
			isa = XCBuildConfiguration;
			buildSettings = {
				BUNDLE_LOADER = "$(TEST_HOST)";
				CODE_SIGN_STYLE = Automatic;
				CURRENT_PROJECT_VERSION = 1;
				DEVELOPMENT_TEAM = ANNSK5759F;
				GENERATE_INFOPLIST_FILE = YES;
				MACOSX_DEPLOYMENT_TARGET = 15.4;
				MARKETING_VERSION = 1.0;
				PRODUCT_BUNDLE_IDENTIFIER = com.tworoot2.ADBConnectorTests;
				PRODUCT_NAME = "$(TARGET_NAME)";
				SWIFT_EMIT_LOC_STRINGS = NO;
				SWIFT_VERSION = 5.0;
				TEST_HOST = "$(BUILT_PRODUCTS_DIR)/ADBConnector.app/$(BUNDLE_EXECUTABLE_FOLDER_PATH)/ADBConnector";
			};
			name = Debug;
		};
		F7B297A22DBA0D8500929EF1 /* Release */ = {
			isa = XCBuildConfiguration;
			buildSettings = {
				BUNDLE_LOADER = "$(TEST_HOST)";
				CODE_SIGN_STYLE = Automatic;
				CURRENT_PROJECT_VERSION = 1;
				DEVELOPMENT_TEAM = ANNSK5759F;
				GENERATE_INFOPLIST_FILE = YES;
				MACOSX_DEPLOYMENT_TARGET = 15.4;
				MARKETING_VERSION = 1.0;
				PRODUCT_BUNDLE_IDENTIFIER = com.tworoot2.ADBConnectorTests;
				PRODUCT_NAME = "$(TARGET_NAME)";
				SWIFT_EMIT_LOC_STRINGS = NO;
				SWIFT_VERSION = 5.0;
				TEST_HOST = "$(BUILT_PRODUCTS_DIR)/ADBConnector.app/$(BUNDLE_EXECUTABLE_FOLDER_PATH)/ADBConnector";
			};
			name = Release;
		};
		F7B297A42DBA0D8500929EF1 /* Debug */ = {
			isa = XCBuildConfiguration;
			buildSettings = {
				CODE_SIGN_STYLE = Automatic;
				CURRENT_PROJECT_VERSION = 1;
				DEVELOPMENT_TEAM = ANNSK5759F;
				GENERATE_INFOPLIST_FILE = YES;
				MARKETING_VERSION = 1.0;
				PRODUCT_BUNDLE_IDENTIFIER = com.tworoot2.ADBConnectorUITests;
				PRODUCT_NAME = "$(TARGET_NAME)";
				SWIFT_EMIT_LOC_STRINGS = NO;
				SWIFT_VERSION = 5.0;
				TEST_TARGET_NAME = ADBConnector;
			};
			name = Debug;
		};
		F7B297A52DBA0D8500929EF1 /* Release */ = {
			isa = XCBuildConfiguration;
			buildSettings = {
				CODE_SIGN_STYLE = Automatic;
				CURRENT_PROJECT_VERSION = 1;
				DEVELOPMENT_TEAM = ANNSK5759F;
				GENERATE_INFOPLIST_FILE = YES;
				MARKETING_VERSION = 1.0;
				PRODUCT_BUNDLE_IDENTIFIER = com.tworoot2.ADBConnectorUITests;
				PRODUCT_NAME = "$(TARGET_NAME)";
				SWIFT_EMIT_LOC_STRINGS = NO;
				SWIFT_VERSION = 5.0;
				TEST_TARGET_NAME = ADBConnector;
			};
			name = Release;
		};
/* End XCBuildConfiguration section */

/* Begin XCConfigurationList section */
		F7B297762DBA0D8200929EF1 /* Build configuration list for PBXProject "ADBConnector" */ = {
			isa = XCConfigurationList;
			buildConfigurations = (
				F7B2979B2DBA0D8500929EF1 /* Debug */,
				F7B2979C2DBA0D8500929EF1 /* Release */,
			);
			defaultConfigurationIsVisible = 0;
			defaultConfigurationName = Release;
		};
		F7B2979D2DBA0D8500929EF1 /* Build configuration list for PBXNativeTarget "ADBConnector" */ = {
			isa = XCConfigurationList;
			buildConfigurations = (
				F7B2979E2DBA0D8500929EF1 /* Debug */,
				F7B2979F2DBA0D8500929EF1 /* Release */,
			);
			defaultConfigurationIsVisible = 0;
			defaultConfigurationName = Release;
		};
		F7B297A02DBA0D8500929EF1 /* Build configuration list for PBXNativeTarget "ADBConnectorTests" */ = {
			isa = XCConfigurationList;
			buildConfigurations = (
				F7B297A12DBA0D8500929EF1 /* Debug */,
				F7B297A22DBA0D8500929EF1 /* Release */,
			);
			defaultConfigurationIsVisible = 0;
			defaultConfigurationName = Release;
		};
		F7B297A32DBA0D8500929EF1 /* Build configuration list for PBXNativeTarget "ADBConnectorUITests" */ = {
			isa = XCConfigurationList;
			buildConfigurations = (
				F7B297A42DBA0D8500929EF1 /* Debug */,
				F7B297A52DBA0D8500929EF1 /* Release */,
			);
			defaultConfigurationIsVisible = 0;
			defaultConfigurationName = Release;
		};
/* End XCConfigurationList section */
	};
	rootObject = F7B297732DBA0D8200929EF1 /* Project object */;
}
